<?xml version="1.0" encoding="utf-8"?>
<Project ToolsVersion="17.0" xmlns="http://schemas.microsoft.com/developer/msbuild/2003">
  <ItemGroup>
    <ClCompile Include="D:\openmmlab\mmdeploy\csrc\mmdeploy\backend_ops\tensorrt\batched_nms\trt_batched_nms.cpp">
      <Filter>Source Files</Filter>
    </ClCompile>
    <ClCompile Include="D:\openmmlab\mmdeploy\csrc\mmdeploy\backend_ops\tensorrt\batched_rotated_nms\trt_batched_rotated_nms.cpp">
      <Filter>Source Files</Filter>
    </ClCompile>
    <ClCompile Include="D:\openmmlab\mmdeploy\csrc\mmdeploy\backend_ops\tensorrt\bicubic_interpolate\trt_bicubic_interpolate.cpp">
      <Filter>Source Files</Filter>
    </ClCompile>
    <ClCompile Include="D:\openmmlab\mmdeploy\csrc\mmdeploy\backend_ops\tensorrt\common_impl\nms\batched_nms_kernel.cpp">
      <Filter>Source Files</Filter>
    </ClCompile>
    <ClCompile Include="D:\openmmlab\mmdeploy\csrc\mmdeploy\backend_ops\tensorrt\deform_conv\trt_deform_conv.cpp">
      <Filter>Source Files</Filter>
    </ClCompile>
    <ClCompile Include="D:\openmmlab\mmdeploy\csrc\mmdeploy\backend_ops\tensorrt\gather_topk\gather_topk.cpp">
      <Filter>Source Files</Filter>
    </ClCompile>
    <ClCompile Include="D:\openmmlab\mmdeploy\csrc\mmdeploy\backend_ops\tensorrt\grid_priors\trt_grid_priors.cpp">
      <Filter>Source Files</Filter>
    </ClCompile>
    <ClCompile Include="D:\openmmlab\mmdeploy\csrc\mmdeploy\backend_ops\tensorrt\grid_sampler\trt_grid_sampler.cpp">
      <Filter>Source Files</Filter>
    </ClCompile>
    <ClCompile Include="D:\openmmlab\mmdeploy\csrc\mmdeploy\backend_ops\tensorrt\instance_norm\trt_instance_norm.cpp">
      <Filter>Source Files</Filter>
    </ClCompile>
    <ClCompile Include="D:\openmmlab\mmdeploy\csrc\mmdeploy\backend_ops\tensorrt\modulated_deform_conv\trt_modulated_deform_conv.cpp">
      <Filter>Source Files</Filter>
    </ClCompile>
    <ClCompile Include="D:\openmmlab\mmdeploy\csrc\mmdeploy\backend_ops\tensorrt\multi_level_roi_align\trt_multi_level_roi_align.cpp">
      <Filter>Source Files</Filter>
    </ClCompile>
    <ClCompile Include="D:\openmmlab\mmdeploy\csrc\mmdeploy\backend_ops\tensorrt\multi_level_rotated_roi_align\trt_multi_level_rotated_roi_align.cpp">
      <Filter>Source Files</Filter>
    </ClCompile>
    <ClCompile Include="D:\openmmlab\mmdeploy\csrc\mmdeploy\backend_ops\tensorrt\multi_scale_deform_attn\trt_ms_deform_attn.cpp">
      <Filter>Source Files</Filter>
    </ClCompile>
    <ClCompile Include="D:\openmmlab\mmdeploy\csrc\mmdeploy\backend_ops\tensorrt\roi_align\trt_roi_align.cpp">
      <Filter>Source Files</Filter>
    </ClCompile>
    <ClCompile Include="D:\openmmlab\mmdeploy\csrc\mmdeploy\backend_ops\tensorrt\scaled_dot_product_attention\scaled_dot_product_attention.cpp">
      <Filter>Source Files</Filter>
    </ClCompile>
    <ClCompile Include="D:\openmmlab\mmdeploy\csrc\mmdeploy\backend_ops\tensorrt\scatternd\trt_scatternd.cpp">
      <Filter>Source Files</Filter>
    </ClCompile>
  </ItemGroup>
  <ItemGroup>
    <CudaCompile Include="..\..\..\..\..\csrc\mmdeploy\backend_ops\tensorrt\bicubic_interpolate\trt_bicubic_interpolate_kernel.cu">
      <Filter>Source Files</Filter>
    </CudaCompile>
    <CudaCompile Include="..\..\..\..\..\csrc\mmdeploy\backend_ops\tensorrt\common_impl\nms\allClassNMS.cu">
      <Filter>Source Files</Filter>
    </CudaCompile>
    <CudaCompile Include="..\..\..\..\..\csrc\mmdeploy\backend_ops\tensorrt\common_impl\nms\allClassRotatedNMS.cu">
      <Filter>Source Files</Filter>
    </CudaCompile>
    <CudaCompile Include="..\..\..\..\..\csrc\mmdeploy\backend_ops\tensorrt\common_impl\nms\gatherNMSOutputs.cu">
      <Filter>Source Files</Filter>
    </CudaCompile>
    <CudaCompile Include="..\..\..\..\..\csrc\mmdeploy\backend_ops\tensorrt\common_impl\nms\kernel.cu">
      <Filter>Source Files</Filter>
    </CudaCompile>
    <CudaCompile Include="..\..\..\..\..\csrc\mmdeploy\backend_ops\tensorrt\common_impl\nms\permuteData.cu">
      <Filter>Source Files</Filter>
    </CudaCompile>
    <CudaCompile Include="..\..\..\..\..\csrc\mmdeploy\backend_ops\tensorrt\common_impl\nms\sortScoresPerClass.cu">
      <Filter>Source Files</Filter>
    </CudaCompile>
    <CudaCompile Include="..\..\..\..\..\csrc\mmdeploy\backend_ops\tensorrt\common_impl\nms\sortScoresPerImage.cu">
      <Filter>Source Files</Filter>
    </CudaCompile>
    <CudaCompile Include="..\..\..\..\..\csrc\mmdeploy\backend_ops\tensorrt\common_impl\trt_cuda_helper.cu">
      <Filter>Source Files</Filter>
    </CudaCompile>
    <CudaCompile Include="..\..\..\..\..\csrc\mmdeploy\backend_ops\tensorrt\deform_conv\trt_deform_conv_kernel.cu">
      <Filter>Source Files</Filter>
    </CudaCompile>
    <CudaCompile Include="..\..\..\..\..\csrc\mmdeploy\backend_ops\tensorrt\gather_topk\gather_topk_kernel.cu">
      <Filter>Source Files</Filter>
    </CudaCompile>
    <CudaCompile Include="..\..\..\..\..\csrc\mmdeploy\backend_ops\tensorrt\grid_priors\trt_grid_priors_kernel.cu">
      <Filter>Source Files</Filter>
    </CudaCompile>
    <CudaCompile Include="..\..\..\..\..\csrc\mmdeploy\backend_ops\tensorrt\grid_sampler\trt_grid_sampler_kernel.cu">
      <Filter>Source Files</Filter>
    </CudaCompile>
    <CudaCompile Include="..\..\..\..\..\csrc\mmdeploy\backend_ops\tensorrt\modulated_deform_conv\trt_modulated_deform_conv_kernel.cu">
      <Filter>Source Files</Filter>
    </CudaCompile>
    <CudaCompile Include="..\..\..\..\..\csrc\mmdeploy\backend_ops\tensorrt\multi_level_roi_align\trt_multi_level_roi_align_kernel.cu">
      <Filter>Source Files</Filter>
    </CudaCompile>
    <CudaCompile Include="..\..\..\..\..\csrc\mmdeploy\backend_ops\tensorrt\multi_level_rotated_roi_align\trt_multi_level_rotated_roi_align_kernel.cu">
      <Filter>Source Files</Filter>
    </CudaCompile>
    <CudaCompile Include="..\..\..\..\..\csrc\mmdeploy\backend_ops\tensorrt\multi_scale_deform_attn\trt_ms_deform_attn_kernel.cu">
      <Filter>Source Files</Filter>
    </CudaCompile>
    <CudaCompile Include="..\..\..\..\..\csrc\mmdeploy\backend_ops\tensorrt\roi_align\trt_roi_align_kernel.cu">
      <Filter>Source Files</Filter>
    </CudaCompile>
    <CudaCompile Include="..\..\..\..\..\csrc\mmdeploy\backend_ops\tensorrt\scaled_dot_product_attention\scaled_dot_product_attention_kernel.cu">
      <Filter>Source Files</Filter>
    </CudaCompile>
    <CudaCompile Include="..\..\..\..\..\csrc\mmdeploy\backend_ops\tensorrt\scatternd\trt_scatternd_kernel.cu">
      <Filter>Source Files</Filter>
    </CudaCompile>
  </ItemGroup>
  <ItemGroup>
    <CustomBuild Include="D:\openmmlab\mmdeploy\csrc\mmdeploy\backend_ops\tensorrt\CMakeLists.txt" />
  </ItemGroup>
  <ItemGroup>
    <Filter Include="Source Files">
      <UniqueIdentifier>{55EF0868-E436-3F11-A069-BD15132E8A31}</UniqueIdentifier>
    </Filter>
  </ItemGroup>
</Project>
